
Microsoft Visual Studio Solution File, Format Version 12.00
# Visual Studio Version 17
VisualStudioVersion = 17.0.32112.339
MinimumVisualStudioVersion = 10.0.40219.1
Project("{9A19103F-16F7-4668-BE54-9A1E7A4F7556}") = "Client", "Client\Client.csproj", "{DF59E5D5-CA6C-4BD3-833B-D5550B1E6AAD}"
EndProject
Project("{9A19103F-16F7-4668-BE54-9A1E7A4F7556}") = "Admin", "Admin\Admin.csproj", "{0E59F239-3184-4189-BAD6-F5DFFBF93B01}"
EndProject
Global
	GlobalSection(SolutionConfigurationPlatforms) = preSolution
		Debug|Any CPU = Debug|Any CPU
		Release|Any CPU = Release|Any CPU
	EndGlobalSection
	GlobalSection(ProjectConfigurationPlatforms) = postSolution
		{DF59E5D5-CA6C-4BD3-833B-D5550B1E6AAD}.Debug|Any CPU.ActiveCfg = Debug|Any CPU
		{DF59E5D5-CA6C-4BD3-833B-D5550B1E6AAD}.Debug|Any CPU.Build.0 = Debug|Any CPU
		{DF59E5D5-CA6C-4BD3-833B-D5550B1E6AAD}.Release|Any CPU.ActiveCfg = Release|Any CPU
		{DF59E5D5-CA6C-4BD3-833B-D5550B1E6AAD}.Release|Any CPU.Build.0 = Release|Any CPU
		{0E59F239-3184-4189-BAD6-F5DFFBF93B01}.Debug|Any CPU.ActiveCfg = Debug|Any CPU
		{0E59F239-3184-4189-BAD6-F5DFFBF93B01}.Debug|Any CPU.Build.0 = Debug|Any CPU
		{0E59F239-3184-4189-BAD6-F5DFFBF93B01}.Release|Any CPU.ActiveCfg = Release|Any CPU
		{0E59F239-3184-4189-BAD6-F5DFFBF93B01}.Release|Any CPU.Build.0 = Release|Any CPU
	EndGlobalSection
	GlobalSection(SolutionProperties) = preSolution
		HideSolutionNode = FALSE
	EndGlobalSection
	GlobalSection(ExtensibilityGlobals) = postSolution
		SolutionGuid = {423349CB-D12A-4522-8B47-D5250B811435}
	EndGlobalSection
EndGlobal
